// !$*UTF8*$!
{
	archiveVersion = 1;
	classes = {
	};
	objectVersion = 50;
	objects = {

/* Begin PBXBuildFile section */
		C53D6BC121B052D3006DEB9B /* AppDelegate.swift in Sources */ = {isa = PBXBuildFile; fileRef = C53D6BC021B052D3006DEB9B /* AppDelegate.swift */; };
		C53D6BC321B052D3006DEB9B /* ViewController.swift in Sources */ = {isa = PBXBuildFile; fileRef = C53D6BC221B052D3006DEB9B /* ViewController.swift */; };
		C53D6BC621B052D3006DEB9B /* Main.storyboard in Resources */ = {isa = PBXBuildFile; fileRef = C53D6BC421B052D3006DEB9B /* Main.storyboard */; };
		C53D6BC821B052D6006DEB9B /* Assets.xcassets in Resources */ = {isa = PBXBuildFile; fileRef = C53D6BC721B052D6006DEB9B /* Assets.xcassets */; };
		C53D6BCB21B052D6006DEB9B /* LaunchScreen.storyboard in Resources */ = {isa = PBXBuildFile; fileRef = C53D6BC921B052D6006DEB9B /* LaunchScreen.storyboard */; };
/* End PBXBuildFile section */

/* Begin PBXFileReference section */
		C53D6BBD21B052D3006DEB9B /* SystemViewControllersReadingDay.app */ = {isa = PBXFileReference; explicitFileType = wrapper.application; includeInIndex = 0; path = SystemViewControllersReadingDay.app; sourceTree = BUILT_PRODUCTS_DIR; };
		C53D6BC021B052D3006DEB9B /* AppDelegate.swift */ = {isa = PBXFileReference; lastKnownFileType = sourcecode.swift; path = AppDelegate.swift; sourceTree = "<group>"; };
		C53D6BC221B052D3006DEB9B /* ViewController.swift */ = {isa = PBXFileReference; lastKnownFileType = sourcecode.swift; path = ViewController.swift; sourceTree = "<group>"; };
		C53D6BC521B052D3006DEB9B /* Base */ = {isa = PBXFileReference; lastKnownFileType = file.storyboard; name = Base; path = Base.lproj/Main.storyboard; sourceTree = "<group>"; };
		C53D6BC721B052D6006DEB9B /* Assets.xcassets */ = {isa = PBXFileReference; lastKnownFileType = folder.assetcatalog; path = Assets.xcassets; sourceTree = "<group>"; };
		C53D6BCA21B052D6006DEB9B /* Base */ = {isa = PBXFileReference; lastKnownFileType = file.storyboard; name = Base; path = Base.lproj/LaunchScreen.storyboard; sourceTree = "<group>"; };
		C53D6BCC21B052D6006DEB9B /* Info.plist */ = {isa = PBXFileReference; lastKnownFileType = text.plist.xml; path = Info.plist; sourceTree = "<group>"; };
/* End PBXFileReference section */

/* Begin PBXFrameworksBuildPhase section */
		C53D6BBA21B052D3006DEB9B /* Frameworks */ = {
			isa = PBXFrameworksBuildPhase;
			buildActionMask = 2147483647;
			files = (
			);
			runOnlyForDeploymentPostprocessing = 0;
		};
/* End PBXFrameworksBuildPhase section */

/* Begin PBXGroup section */
		C53D6BB421B052D3006DEB9B = {
			isa = PBXGroup;
			children = (
				C53D6BBF21B052D3006DEB9B /* SystemViewControllersReadingDay */,
				C53D6BBE21B052D3006DEB9B /* Products */,
			);
			sourceTree = "<group>";
		};
		C53D6BBE21B052D3006DEB9B /* Products */ = {
			isa = PBXGroup;
			children = (
				C53D6BBD21B052D3006DEB9B /* SystemViewControllersReadingDay.app */,
			);
			name = Products;
			sourceTree = "<group>";
		};
		C53D6BBF21B052D3006DEB9B /* SystemViewControllersReadingDay */ = {
			isa = PBXGroup;
			children = (
				C53D6BC021B052D3006DEB9B /* AppDelegate.swift */,
				C53D6BC221B052D3006DEB9B /* ViewController.swift */,
				C53D6BC421B052D3006DEB9B /* Main.storyboard */,
				C53D6BC721B052D6006DEB9B /* Assets.xcassets */,
				C53D6BC921B052D6006DEB9B /* LaunchScreen.storyboard */,
				C53D6BCC21B052D6006DEB9B /* Info.plist */,
			);
			path = SystemViewControllersReadingDay;
			sourceTree = "<group>";
		};
/* End PBXGroup section */

/* Begin PBXNativeTarget section */
		C53D6BBC21B052D3006DEB9B /* SystemViewControllersReadingDay */ = {
			isa = PBXNativeTarget;
			buildConfigurationList = C53D6BCF21B052D6006DEB9B /* Build configuration list for PBXNativeTarget "SystemViewControllersReadingDay" */;
			buildPhases = (
				C53D6BB921B052D3006DEB9B /* Sources */,
				C53D6BBA21B052D3006DEB9B /* Frameworks */,
				C53D6BBB21B052D3006DEB9B /* Resources */,
			);
			buildRules = (
			);
			dependencies = (
			);
			name = SystemViewControllersReadingDay;
			productName = SystemViewControllersReadingDay;
			productReference = C53D6BBD21B052D3006DEB9B /* SystemViewControllersReadingDay.app */;
			productType = "com.apple.product-type.application";
		};
/* End PBXNativeTarget section */

/* Begin PBXProject section */
		C53D6BB521B052D3006DEB9B /* Project object */ = {
			isa = PBXProject;
			attributes = {
				LastSwiftUpdateCheck = 1010;
				LastUpgradeCheck = 1010;
				ORGANIZATIONNAME = "John Hersey High School";
				TargetAttributes = {
					C53D6BBC21B052D3006DEB9B = {
						CreatedOnToolsVersion = 10.1;
					};
				};
			};
			buildConfigurationList = C53D6BB821B052D3006DEB9B /* Build configuration list for PBXProject "SystemViewControllersReadingDay" */;
			compatibilityVersion = "Xcode 9.3";
			developmentRegion = en;
			hasScannedForEncodings = 0;
			knownRegions = (
				en,
				Base,
			);
			mainGroup = C53D6BB421B052D3006DEB9B;
			productRefGroup = C53D6BBE21B052D3006DEB9B /* Products */;
			projectDirPath = "";
			projectRoot = "";
			targets = (
				C53D6BBC21B052D3006DEB9B /* SystemViewControllersReadingDay */,
			);
		};
/* End PBXProject section */

/* Begin PBXResourcesBuildPhase section */
		C53D6BBB21B052D3006DEB9B /* Resources */ = {
			isa = PBXResourcesBuildPhase;
			buildActionMask = 2147483647;
			files = (
				C53D6BCB21B052D6006DEB9B /* LaunchScreen.storyboard in Resources */,
				C53D6BC821B052D6006DEB9B /* Assets.xcassets in Resources */,
				C53D6BC621B052D3006DEB9B /* Main.storyboard in Resources */,
			);
			runOnlyForDeploymentPostprocessing = 0;
		};
/* End PBXResourcesBuildPhase section */

/* Begin PBXSourcesBuildPhase section */
		C53D6BB921B052D3006DEB9B /* Sources */ = {
			isa = PBXSourcesBuildPhase;
			buildActionMask = 2147483647;
			files = (
				C53D6BC321B052D3006DEB9B /* ViewController.swift in Sources */,
				C53D6BC121B052D3006DEB9B /* AppDelegate.swift in Sources */,
			);
			runOnlyForDeploymentPostprocessing = 0;
		};
/* End PBXSourcesBuildPhase section */

/* Begin PBXVariantGroup section */
		C53D6BC421B052D3006DEB9B /* Main.storyboard */ = {
			isa = PBXVariantGroup;
			children = (
				C53D6BC521B052D3006DEB9B /* Base */,
			);
			name = Main.storyboard;
			sourceTree = "<group>";
		};
		C53D6BC921B052D6006DEB9B /* LaunchScreen.storyboard */ = {
			isa = PBXVariantGroup;
			children = (
				C53D6BCA21B052D6006DEB9B /* Base */,
			);
			name = LaunchScreen.storyboard;
			sourceTree = "<group>";
		};
/* End PBXVariantGroup section */

/* Begin XCBuildConfiguration section */
		C53D6BCD21B052D6006DEB9B /* Debug */ = {
			isa = XCBuildConfiguration;
			buildSettings = {
				ALWAYS_SEARCH_USER_PATHS = NO;
				CLANG_ANALYZER_NONNULL = YES;
				CLANG_ANALYZER_NUMBER_OBJECT_CONVERSION = YES_AGGRESSIVE;
				CLANG_CXX_LANGUAGE_STANDARD = "gnu++14";
				CLANG_CXX_LIBRARY = "libc++";
				CLANG_ENABLE_MODULES = YES;
				CLANG_ENABLE_OBJC_ARC = YES;
				CLANG_ENABLE_OBJC_WEAK = YES;
				CLANG_WARN_BLOCK_CAPTURE_AUTORELEASING = YES;
				CLANG_WARN_BOOL_CONVERSION = YES;
				CLANG_WARN_COMMA = YES;
				CLANG_WARN_CONSTANT_CONVERSION = YES;
				CLANG_WARN_DEPRECATED_OBJC_IMPLEMENTATIONS = YES;
				CLANG_WARN_DIRECT_OBJC_ISA_USAGE = YES_ERROR;
				CLANG_WARN_DOCUMENTATION_COMMENTS = YES;
				CLANG_WARN_EMPTY_BODY = YES;
				CLANG_WARN_ENUM_CONVERSION = YES;
				CLANG_WARN_INFINITE_RECURSION = YES;
				CLANG_WARN_INT_CONVERSION = YES;
				CLANG_WARN_NON_LITERAL_NULL_CONVERSION = YES;
				CLANG_WARN_OBJC_IMPLICIT_RETAIN_SELF = YES;
				CLANG_WARN_OBJC_LITERAL_CONVERSION = YES;
				CLANG_WARN_OBJC_ROOT_CLASS = YES_ERROR;
				CLANG_WARN_RANGE_LOOP_ANALYSIS = YES;
				CLANG_WARN_STRICT_PROTOTYPES = YES;
				CLANG_WARN_SUSPICIOUS_MOVE = YES;
				CLANG_WARN_UNGUARDED_AVAILABILITY = YES_AGGRESSIVE;
				CLANG_WARN_UNREACHABLE_CODE = YES;
				CLANG_WARN__DUPLICATE_METHOD_MATCH = YES;
				CODE_SIGN_IDENTITY = "iPhone Developer";
				COPY_PHASE_STRIP = NO;
				DEBUG_INFORMATION_FORMAT = dwarf;
				ENABLE_STRICT_OBJC_MSGSEND = YES;
				ENABLE_TESTABILITY = YES;
				GCC_C_LANGUAGE_STANDARD = gnu11;
				GCC_DYNAMIC_NO_PIC = NO;
				GCC_NO_COMMON_BLOCKS = YES;
				GCC_OPTIMIZATION_LEVEL = 0;
				GCC_PREPROCESSOR_DEFINITIONS = (
					"DEBUG=1",
					"$(inherited)",
				);
				GCC_WARN_64_TO_32_BIT_CONVERSION = YES;
				GCC_WARN_ABOUT_RETURN_TYPE = YES_ERROR;
				GCC_WARN_UNDECLARED_SELECTOR = YES;
				GCC_WARN_UNINITIALIZED_AUTOS = YES_AGGRESSIVE;
				GCC_WARN_UNUSED_FUNCTION = YES;
				GCC_WARN_UNUSED_VARIABLE = YES;
				IPHONEOS_DEPLOYMENT_TARGET = 12.1;
				MTL_ENABLE_DEBUG_INFO = INCLUDE_SOURCE;
				MTL_FAST_MATH = YES;
				ONLY_ACTIVE_ARCH = YES;
				SDKROOT = iphoneos;
				SWIFT_ACTIVE_COMPILATION_CONDITIONS = DEBUG;
				SWIFT_OPTIMIZATION_LEVEL = "-Onone";
			};
			name = Debug;
		};
		C53D6BCE21B052D6006DEB9B /* Release */ = {
			isa = XCBuildConfiguration;
			buildSettings = {
				ALWAYS_SEARCH_USER_PATHS = NO;
				CLANG_ANALYZER_NONNULL = YES;
				CLANG_ANALYZER_NUMBER_OBJECT_CONVERSION = YES_AGGRESSIVE;
				CLANG_CXX_LANGUAGE_STANDARD = "gnu++14";
				CLANG_CXX_LIBRARY = "libc++";
				CLANG_ENABLE_MODULES = YES;
				CLANG_ENABLE_OBJC_ARC = YES;
				CLANG_ENABLE_OBJC_WEAK = YES;
				CLANG_WARN_BLOCK_CAPTURE_AUTORELEASING = YES;
				CLANG_WARN_BOOL_CONVERSION = YES;
				CLANG_WARN_COMMA = YES;
				CLANG_WARN_CONSTANT_CONVERSION = YES;
				CLANG_WARN_DEPRECATED_OBJC_IMPLEMENTATIONS = YES;
				CLANG_WARN_DIRECT_OBJC_ISA_USAGE = YES_ERROR;
				CLANG_WARN_DOCUMENTATION_COMMENTS = YES;
				CLANG_WARN_EMPTY_BODY = YES;
				CLANG_WARN_ENUM_CONVERSION = YES;
				CLANG_WARN_INFINITE_RECURSION = YES;
				CLANG_WARN_INT_CONVERSION = YES;
				CLANG_WARN_NON_LITERAL_NULL_CONVERSION = YES;
				CLANG_WARN_OBJC_IMPLICIT_RETAIN_SELF = YES;
				CLANG_WARN_OBJC_LITERAL_CONVERSION = YES;
				CLANG_WARN_OBJC_ROOT_CLASS = YES_ERROR;
				CLANG_WARN_RANGE_LOOP_ANALYSIS = YES;
				CLANG_WARN_STRICT_PROTOTYPES = YES;
				CLANG_WARN_SUSPICIOUS_MOVE = YES;
				CLANG_WARN_UNGUARDED_AVAILABILITY = YES_AGGRESSIVE;
				CLANG_WARN_UNREACHABLE_CODE = YES;
				CLANG_WARN__DUPLICATE_METHOD_MATCH = YES;
				CODE_SIGN_IDENTITY = "iPhone Developer";
				COPY_PHASE_STRIP = NO;
				DEBUG_INFORMATION_FORMAT = "dwarf-with-dsym";
				ENABLE_NS_ASSERTIONS = NO;
				ENABLE_STRICT_OBJC_MSGSEND = YES;
				GCC_C_LANGUAGE_STANDARD = gnu11;
				GCC_NO_COMMON_BLOCKS = YES;
				GCC_WARN_64_TO_32_BIT_CONVERSION = YES;
				GCC_WARN_ABOUT_RETURN_TYPE = YES_ERROR;
				GCC_WARN_UNDECLARED_SELECTOR = YES;
				GCC_WARN_UNINITIALIZED_AUTOS = YES_AGGRESSIVE;
				GCC_WARN_UNUSED_FUNCTION = YES;
				GCC_WARN_UNUSED_VARIABLE = YES;
				IPHONEOS_DEPLOYMENT_TARGET = 12.1;
				MTL_ENABLE_DEBUG_INFO = NO;
				MTL_FAST_MATH = YES;
				SDKROOT = iphoneos;
				SWIFT_COMPILATION_MODE = wholemodule;
				SWIFT_OPTIMIZATION_LEVEL = "-O";
				VALIDATE_PRODUCT = YES;
			};
			name = Release;
		};
		C53D6BD021B052D6006DEB9B /* Debug */ = {
			isa = XCBuildConfiguration;
			buildSettings = {
				ASSETCATALOG_COMPILER_APPICON_NAME = AppIcon;
				CODE_SIGN_STYLE = Automatic;
				DEVELOPMENT_TEAM = M276PKUL3L;
				INFOPLIST_FILE = SystemViewControllersReadingDay/Info.plist;
				LD_RUNPATH_SEARCH_PATHS = (
					"$(inherited)",
					"@executable_path/Frameworks",
				);
				PRODUCT_BUNDLE_IDENTIFIER = org.d214.jhhs.620325.SystemViewControllersReadingDay;
				PRODUCT_NAME = "$(TARGET_NAME)";
				SWIFT_VERSION = 4.2;
				TARGETED_DEVICE_FAMILY = "1,2";
			};
			name = Debug;
		};
		C53D6BD121B052D6006DEB9B /* Release */ = {
			isa = XCBuildConfiguration;
			buildSettings = {
				ASSETCATALOG_COMPILER_APPICON_NAME = AppIcon;
				CODE_SIGN_STYLE = Automatic;
				DEVELOPMENT_TEAM = M276PKUL3L;
				INFOPLIST_FILE = SystemViewControllersReadingDay/Info.plist;
				LD_RUNPATH_SEARCH_PATHS = (
					"$(inherited)",
					"@executable_path/Frameworks",
				);
				PRODUCT_BUNDLE_IDENTIFIER = org.d214.jhhs.620325.SystemViewControllersReadingDay;
				PRODUCT_NAME = "$(TARGET_NAME)";
				SWIFT_VERSION = 4.2;
				TARGETED_DEVICE_FAMILY = "1,2";
			};
			name = Release;
		};
/* End XCBuildConfiguration section */

/* Begin XCConfigurationList section */
		C53D6BB821B052D3006DEB9B /* Build configuration list for PBXProject "SystemViewControllersReadingDay" */ = {
			isa = XCConfigurationList;
			buildConfigurations = (
				C53D6BCD21B052D6006DEB9B /* Debug */,
				C53D6BCE21B052D6006DEB9B /* Release */,
			);
			defaultConfigurationIsVisible = 0;
			defaultConfigurationName = Release;
		};
		C53D6BCF21B052D6006DEB9B /* Build configuration list for PBXNativeTarget "SystemViewControllersReadingDay" */ = {
			isa = XCConfigurationList;
			buildConfigurations = (
				C53D6BD021B052D6006DEB9B /* Debug */,
				C53D6BD121B052D6006DEB9B /* Release */,
			);
			defaultConfigurationIsVisible = 0;
			defaultConfigurationName = Release;
		};
/* End XCConfigurationList section */
	};
	rootObject = C53D6BB521B052D3006DEB9B /* Project object */;
}
